
Microsoft Visual Studio Solution File, Format Version 12.00
# Visual Studio Version 17
VisualStudioVersion = 17.8.34525.116
MinimumVisualStudioVersion = 10.0.40219.1
Project("{9A19103F-16F7-4668-BE54-9A1E7A4F7556}") = "CrownCapital.Web", "CrownCapital.Web.csproj", "{0E5BC855-0CC4-4B2A-9B99-AD73B47759B3}"
EndProject
Project("{FAE04EC0-301F-11D3-BF4B-00C04F79EFBC}") = "CrownCapital.Dto", "..\CrownCapital.Data\CrownCapital.Dto.csproj", "{0F1F5B06-8F0E-4DBF-96E2-0409B5040D68}"
EndProject
Project("{FAE04EC0-301F-11D3-BF4B-00C04F79EFBC}") = "CrownCapital.Model", "..\CrownCapital.Model\CrownCapital.Model.csproj", "{C784FBDB-9187-4882-BC3A-7445CC1EC87C}"
EndProject
Project("{FAE04EC0-301F-11D3-BF4B-00C04F79EFBC}") = "CrownCapital.Service", "..\CrownCapital.Service\CrownCapital.Service.csproj", "{9C937213-7A4F-487C-8EB1-12ECA79BF136}"
EndProject
Global
	GlobalSection(SolutionConfigurationPlatforms) = preSolution
		Debug|Any CPU = Debug|Any CPU
		Release|Any CPU = Release|Any CPU
	EndGlobalSection
	GlobalSection(ProjectConfigurationPlatforms) = postSolution
		{0E5BC855-0CC4-4B2A-9B99-AD73B47759B3}.Debug|Any CPU.ActiveCfg = Debug|Any CPU
		{0E5BC855-0CC4-4B2A-9B99-AD73B47759B3}.Debug|Any CPU.Build.0 = Debug|Any CPU
		{0E5BC855-0CC4-4B2A-9B99-AD73B47759B3}.Release|Any CPU.ActiveCfg = Release|Any CPU
		{0E5BC855-0CC4-4B2A-9B99-AD73B47759B3}.Release|Any CPU.Build.0 = Release|Any CPU
		{0F1F5B06-8F0E-4DBF-96E2-0409B5040D68}.Debug|Any CPU.ActiveCfg = Debug|Any CPU
		{0F1F5B06-8F0E-4DBF-96E2-0409B5040D68}.Debug|Any CPU.Build.0 = Debug|Any CPU
		{0F1F5B06-8F0E-4DBF-96E2-0409B5040D68}.Release|Any CPU.ActiveCfg = Release|Any CPU
		{0F1F5B06-8F0E-4DBF-96E2-0409B5040D68}.Release|Any CPU.Build.0 = Release|Any CPU
		{C784FBDB-9187-4882-BC3A-7445CC1EC87C}.Debug|Any CPU.ActiveCfg = Debug|Any CPU
		{C784FBDB-9187-4882-BC3A-7445CC1EC87C}.Debug|Any CPU.Build.0 = Debug|Any CPU
		{C784FBDB-9187-4882-BC3A-7445CC1EC87C}.Release|Any CPU.ActiveCfg = Release|Any CPU
		{C784FBDB-9187-4882-BC3A-7445CC1EC87C}.Release|Any CPU.Build.0 = Release|Any CPU
		{9C937213-7A4F-487C-8EB1-12ECA79BF136}.Debug|Any CPU.ActiveCfg = Debug|Any CPU
		{9C937213-7A4F-487C-8EB1-12ECA79BF136}.Debug|Any CPU.Build.0 = Debug|Any CPU
		{9C937213-7A4F-487C-8EB1-12ECA79BF136}.Release|Any CPU.ActiveCfg = Release|Any CPU
		{9C937213-7A4F-487C-8EB1-12ECA79BF136}.Release|Any CPU.Build.0 = Release|Any CPU
	EndGlobalSection
	GlobalSection(SolutionProperties) = preSolution
		HideSolutionNode = FALSE
	EndGlobalSection
	GlobalSection(ExtensibilityGlobals) = postSolution
		SolutionGuid = {590B0EF7-B24C-4823-A4D3-83397556A35D}
	EndGlobalSection
EndGlobal
